github.com/go-chi/chi/v5 v5.0.11 h1:BnpYbFZ3T3S1WMpD79r7R5ThWX40TaFB7L31Y8xqSwA=
github.com/go-chi/chi/v5 v5.0.11/go.mod h1:DslCQbL2OYiznFReuXYUmQ2hGd1aDpCnlMNITLSKoi8=
github.com/rumendamyanov/go-feed/adapters/chi v0.0.0-20250801144943-e24fced1544a h1:fluhVOq7btqMHnNk9CZAY8h0eh9GdvXog9ZcBuUcYv8=
github.com/rumendamyanov/go-feed/adapters/chi v0.0.0-20250801144943-e24fced1544a/go.mod h1:+YL5QI0RVguQXzkHtGbkHXzQzHHMgH6T6b/iJ0pjpZs=
